
Microsoft Visual Studio Solution File, Format Version 12.00
# Visual Studio Version 16
VisualStudioVersion = 16.0.31624.102
MinimumVisualStudioVersion = 10.0.40219.1
Project("{FAE04EC0-301F-11D3-BF4B-00C04F79EFBC}") = "Otec", "Otec\Otec.csproj", "{6BF42A3D-0D55-456E-BB08-0A83372CF5C2}"
EndProject
Project("{FAE04EC0-301F-11D3-BF4B-00C04F79EFBC}") = "OtecLibrary", "OtecLibrary\OtecLibrary.csproj", "{50A2C094-EF8A-493D-8F0D-3E408B9DBCA0}"
EndProject
Global
	GlobalSection(SolutionConfigurationPlatforms) = preSolution
		Debug|Any CPU = Debug|Any CPU
		Release|Any CPU = Release|Any CPU
	EndGlobalSection
	GlobalSection(ProjectConfigurationPlatforms) = postSolution
		{6BF42A3D-0D55-456E-BB08-0A83372CF5C2}.Debug|Any CPU.ActiveCfg = Debug|Any CPU
		{6BF42A3D-0D55-456E-BB08-0A83372CF5C2}.Debug|Any CPU.Build.0 = Debug|Any CPU
		{6BF42A3D-0D55-456E-BB08-0A83372CF5C2}.Release|Any CPU.ActiveCfg = Release|Any CPU
		{6BF42A3D-0D55-456E-BB08-0A83372CF5C2}.Release|Any CPU.Build.0 = Release|Any CPU
		{50A2C094-EF8A-493D-8F0D-3E408B9DBCA0}.Debug|Any CPU.ActiveCfg = Debug|Any CPU
		{50A2C094-EF8A-493D-8F0D-3E408B9DBCA0}.Debug|Any CPU.Build.0 = Debug|Any CPU
		{50A2C094-EF8A-493D-8F0D-3E408B9DBCA0}.Release|Any CPU.ActiveCfg = Release|Any CPU
		{50A2C094-EF8A-493D-8F0D-3E408B9DBCA0}.Release|Any CPU.Build.0 = Release|Any CPU
	EndGlobalSection
	GlobalSection(SolutionProperties) = preSolution
		HideSolutionNode = FALSE
	EndGlobalSection
	GlobalSection(ExtensibilityGlobals) = postSolution
		SolutionGuid = {3D6BE683-5941-4734-991E-16381833F8A1}
	EndGlobalSection
EndGlobal
